
Microsoft Visual Studio Solution File, Format Version 12.00
# Visual Studio Version 17
VisualStudioVersion = 17.4.33110.190
MinimumVisualStudioVersion = 10.0.40219.1
Project("{FAE04EC0-301F-11D3-BF4B-00C04F79EFBC}") = "TEST ADO MVC", "TEST ADO MVC\TEST ADO MVC.csproj", "{030C4731-C6B4-4C0E-8A83-ED2D9D9B9AAD}"
EndProject
Global
	GlobalSection(SolutionConfigurationPlatforms) = preSolution
		Debug|Any CPU = Debug|Any CPU
		Release|Any CPU = Release|Any CPU
	EndGlobalSection
	GlobalSection(ProjectConfigurationPlatforms) = postSolution
		{030C4731-C6B4-4C0E-8A83-ED2D9D9B9AAD}.Debug|Any CPU.ActiveCfg = Debug|Any CPU
		{030C4731-C6B4-4C0E-8A83-ED2D9D9B9AAD}.Debug|Any CPU.Build.0 = Debug|Any CPU
		{030C4731-C6B4-4C0E-8A83-ED2D9D9B9AAD}.Release|Any CPU.ActiveCfg = Release|Any CPU
		{030C4731-C6B4-4C0E-8A83-ED2D9D9B9AAD}.Release|Any CPU.Build.0 = Release|Any CPU
	EndGlobalSection
	GlobalSection(SolutionProperties) = preSolution
		HideSolutionNode = FALSE
	EndGlobalSection
	GlobalSection(ExtensibilityGlobals) = postSolution
		SolutionGuid = {DE6DD416-4EB5-483F-BEDE-9486FD84AAE1}
	EndGlobalSection
EndGlobal
